
Microsoft Visual Studio Solution File, Format Version 12.00
# Visual Studio Version 17
VisualStudioVersion = 17.7.34031.279
MinimumVisualStudioVersion = 10.0.40219.1
Project("{FAE04EC0-301F-11D3-BF4B-00C04F79EFBC}") = "RabbitMQRedirectAssembly", "RabbitMQRedirectAssembly\RabbitMQRedirectAssembly.csproj", "{D34BCDDC-0386-4619-8CD1-680FCB7620CA}"
EndProject
Global
	GlobalSection(SolutionConfigurationPlatforms) = preSolution
		Debug|Any CPU = Debug|Any CPU
		Release|Any CPU = Release|Any CPU
	EndGlobalSection
	GlobalSection(ProjectConfigurationPlatforms) = postSolution
		{D34BCDDC-0386-4619-8CD1-680FCB7620CA}.Debug|Any CPU.ActiveCfg = Debug|Any CPU
		{D34BCDDC-0386-4619-8CD1-680FCB7620CA}.Debug|Any CPU.Build.0 = Debug|Any CPU
		{D34BCDDC-0386-4619-8CD1-680FCB7620CA}.Release|Any CPU.ActiveCfg = Release|Any CPU
		{D34BCDDC-0386-4619-8CD1-680FCB7620CA}.Release|Any CPU.Build.0 = Release|Any CPU
	EndGlobalSection
	GlobalSection(SolutionProperties) = preSolution
		HideSolutionNode = FALSE
	EndGlobalSection
	GlobalSection(ExtensibilityGlobals) = postSolution
		SolutionGuid = {83F1A185-99A8-49C2-9315-2A809CA494A7}
	EndGlobalSection
EndGlobal
